
Microsoft Visual Studio Solution File, Format Version 12.00
# Visual Studio Version 16
VisualStudioVersion = 16.0.31205.134
MinimumVisualStudioVersion = 10.0.40219.1
Project("{159641D6-6404-4A2A-AE62-294DE0FE8301}") = "SSIS_Proyecto_Demo", "SSIS_Proyecto_Demo\SSIS_Proyecto_Demo.dtproj", "{20DF85CB-D961-451A-B8D9-16C8BE9E0764}"
EndProject
Global
	GlobalSection(SolutionConfigurationPlatforms) = preSolution
		Development|Default = Development|Default
	EndGlobalSection
	GlobalSection(ProjectConfigurationPlatforms) = postSolution
		{20DF85CB-D961-451A-B8D9-16C8BE9E0764}.Development|Default.ActiveCfg = Development
		{20DF85CB-D961-451A-B8D9-16C8BE9E0764}.Development|Default.Build.0 = Development
	EndGlobalSection
	GlobalSection(SolutionProperties) = preSolution
		HideSolutionNode = FALSE
	EndGlobalSection
	GlobalSection(ExtensibilityGlobals) = postSolution
		SolutionGuid = {AFB7A089-AC99-4AA7-9A16-73630CE6B8EE}
	EndGlobalSection
EndGlobal
